
Microsoft Visual Studio Solution File, Format Version 12.00
# Visual Studio Version 17
VisualStudioVersion = 17.13.35818.85
MinimumVisualStudioVersion = 10.0.40219.1
Project("{FAE04EC0-301F-11D3-BF4B-00C04F79EFBC}") = "SignalR-prototype", "SignalR-prototype.csproj", "{B615C8AF-F023-4D11-BAAB-0DC519B1C19A}"
EndProject
Global
	GlobalSection(SolutionConfigurationPlatforms) = preSolution
		Debug|Any CPU = Debug|Any CPU
		Release|Any CPU = Release|Any CPU
	EndGlobalSection
	GlobalSection(ProjectConfigurationPlatforms) = postSolution
		{B615C8AF-F023-4D11-BAAB-0DC519B1C19A}.Debug|Any CPU.ActiveCfg = Debug|Any CPU
		{B615C8AF-F023-4D11-BAAB-0DC519B1C19A}.Debug|Any CPU.Build.0 = Debug|Any CPU
		{B615C8AF-F023-4D11-BAAB-0DC519B1C19A}.Release|Any CPU.ActiveCfg = Release|Any CPU
		{B615C8AF-F023-4D11-BAAB-0DC519B1C19A}.Release|Any CPU.Build.0 = Release|Any CPU
	EndGlobalSection
	GlobalSection(SolutionProperties) = preSolution
		HideSolutionNode = FALSE
	EndGlobalSection
	GlobalSection(ExtensibilityGlobals) = postSolution
		SolutionGuid = {60FF1189-1A95-4DCA-8521-D77D4ACF373F}
	EndGlobalSection
EndGlobal
